
Microsoft Visual Studio Solution File, Format Version 12.00
# Visual Studio Version 16
VisualStudioVersion = 16.0.33328.57
MinimumVisualStudioVersion = 10.0.40219.1
Project("{888888A0-9F3D-457C-B088-3A5042F75D52}") = "GIA_HatchPattern", "GIA_HatchPattern\GIA_HatchPattern.pyproj", "{65AC4744-0E10-49E6-9DB5-070BBEC1DCB9}"
EndProject
Global
	GlobalSection(SolutionConfigurationPlatforms) = preSolution
		Debug|Any CPU = Debug|Any CPU
		Release|Any CPU = Release|Any CPU
	EndGlobalSection
	GlobalSection(ProjectConfigurationPlatforms) = postSolution
		{65AC4744-0E10-49E6-9DB5-070BBEC1DCB9}.Debug|Any CPU.ActiveCfg = Debug|Any CPU
		{65AC4744-0E10-49E6-9DB5-070BBEC1DCB9}.Release|Any CPU.ActiveCfg = Release|Any CPU
	EndGlobalSection
	GlobalSection(SolutionProperties) = preSolution
		HideSolutionNode = FALSE
	EndGlobalSection
	GlobalSection(ExtensibilityGlobals) = postSolution
		SolutionGuid = {A990AE7F-05C2-4BCC-9FE5-BABE520E59D0}
	EndGlobalSection
EndGlobal
